PODS:
  - Firebase/CoreOnly (7.0.0):
    - FirebaseCore (= 7.0.0)
  - Firebase/Crashlytics (7.0.0):
    - Firebase/CoreOnly
    - FirebaseCrashlytics (~> 7.0.0)
  - FirebaseCore (7.0.0):
    - FirebaseCoreDiagnostics (~> 7.0)
    - GoogleUtilities/Environment (~> 7.0)
    - GoogleUtilities/Logger (~> 7.0)
  - FirebaseCoreDiagnostics (7.0.0):
    - GoogleDataTransport (~> 8.0)
    - GoogleUtilities/Environment (~> 7.0)
    - GoogleUtilities/Logger (~> 7.0)
    - nanopb (~> 2.30906.0)
  - FirebaseCrashlytics (7.0.0):
    - FirebaseCore (~> 7.0)
    - FirebaseInstallations (~> 7.0)
    - GoogleDataTransport (~> 8.0)
    - nanopb (~> 2.30906.0)
    - PromisesObjC (~> 1.2)
  - FirebaseInstallations (7.0.0):
    - FirebaseCore (~> 7.0)
    - GoogleUtilities/Environment (~> 7.0)
    - GoogleUtilities/UserDefaults (~> 7.0)
    - PromisesObjC (~> 1.2)
  - GoogleDataTransport (8.0.0):
    - nanopb (~> 2.30906.0)
  - GoogleUtilities/Environment (7.0.0):
    - PromisesObjC (~> 1.2)
  - GoogleUtilities/Logger (7.0.0):
    - GoogleUtilities/Environment
  - GoogleUtilities/UserDefaults (7.0.0):
    - GoogleUtilities/Logger
  - nanopb (2.30906.0):
    - nanopb/decode (= 2.30906.0)
    - nanopb/encode (= 2.30906.0)
  - nanopb/decode (2.30906.0)
  - nanopb/encode (2.30906.0)
  - PromisesObjC (1.2.11)

DEPENDENCIES:
  - Firebase/Crashlytics
  - FirebaseCore

SPEC REPOS:
  trunk:
    - Firebase
    - FirebaseCore
    - FirebaseCoreDiagnostics
    - FirebaseCrashlytics
    - FirebaseInstallations
    - GoogleDataTransport
    - GoogleUtilities
    - nanopb
    - PromisesObjC

SPEC CHECKSUMS:
  Firebase: 50be68416f50eb4eb2ecb0e78acab9a051ef95df
  FirebaseCore: cf3122185fce1cf71cedbbc498ea84d2b3e7cb69
  FirebaseCoreDiagnostics: 5f4aa04fdb04923693cc704c7ef9158bdf41a48b
  FirebaseCrashlytics: bd430b7323e8b49492a93e563e81899d0615f917
  FirebaseInstallations: c28d4bcbb5c6884d1a39afbc0bd7fc590e31e9b7
  GoogleDataTransport: 6ce8004a961db1b905740d7be106c61ba7e89c21
  GoogleUtilities: ffb2f4159f2c897c6e8992bd7fbcdef8a300589c
  nanopb: 1bf24dd71191072e120b83dd02d08f3da0d65e53
  PromisesObjC: 8c196f5a328c2cba3e74624585467a557dcb482f

PODFILE CHECKSUM: a907c835925bcf314d9b37e5cda7861f7f9e621e

COCOAPODS: 1.10.0
