PODS:
  - FMDB (2.7.7):
    - FMDB/standard (= 2.7.7)
  - FMDB/standard (2.7.7)
  - SwiftLint (0.41.0)

DEPENDENCIES:
  - FMDB (from `https://github.com/ccgus/fmdb.git`, commit `3e5efdf6690cf7dce0a914c370507deee8740d33`)
  - SwiftLint (~> 0.40)

SPEC REPOS:
  trunk:
    - SwiftLint

EXTERNAL SOURCES:
  FMDB:
    :commit: 3e5efdf6690cf7dce0a914c370507deee8740d33
    :git: https://github.com/ccgus/fmdb.git

CHECKOUT OPTIONS:
  FMDB:
    :commit: 3e5efdf6690cf7dce0a914c370507deee8740d33
    :git: https://github.com/ccgus/fmdb.git

SPEC CHECKSUMS:
  FMDB: 06661689d1bab3cfdf45be7d1e42557893546f48
  SwiftLint: c585ebd615d9520d7fbdbe151f527977b0534f1e

PODFILE CHECKSUM: 76e1d029a01024013a228895d62e20011c780068

COCOAPODS: 1.10.0
