{
  "originHash" : "f3be8ed0a3620bed0a86a560e1def6c2e917f401e69fff7ecc27480a3756fdc2",
  "pins" : [
    {
      "identity" : "alamofire",
      "kind" : "remoteSourceControl",
      "location" : "https://github.com/Alamofire/Alamofire.git",
      "state" : {
        "revision" : "f455c2975872ccd2d9c81594c658af65716e9b9a",
        "version" : "5.9.1"
      }
    },
    {
      "identity" : "appcenter-sdk-apple",
      "kind" : "remoteSourceControl",
      "location" : "https://github.com/microsoft/appcenter-sdk-apple",
      "state" : {
        "revision" : "1120c26835925f8314d035127c580bc71689c620",
        "version" : "5.0.4"
      }
    },
    {
      "identity" : "fmdb",
      "kind" : "remoteSourceControl",
      "location" : "https://github.com/ccgus/fmdb",
      "state" : {
        "revision" : "47a2fa12a242b5a2fe13b916c22f2212e426055c",
        "version" : "2.7.9"
      }
    },
    {
      "identity" : "ocmock",
      "kind" : "remoteSourceControl",
      "location" : "https://github.com/paulb777/ocmock",
      "state" : {
        "branch" : "patch-2",
        "revision" : "173955e93e6ee6999a10729ab67e4b4efdd1db6d"
      }
    },
    {
      "identity" : "plcrashreporter",
      "kind" : "remoteSourceControl",
      "location" : "https://github.com/microsoft/PLCrashReporter.git",
      "state" : {
        "revision" : "1aed8f7dc79ce8e674c61e430ef51ca3db18cea9",
        "version" : "1.11.1"
      }
    },
    {
      "identity" : "snapkit",
      "kind" : "remoteSourceControl",
      "location" : "https://github.com/SnapKit/SnapKit",
      "state" : {
        "revision" : "2842e6e84e82eb9a8dac0100ca90d9444b0307f4",
        "version" : "5.7.1"
      }
    }
  ],
  "version" : 3
}
